
Microsoft Visual Studio Solution File, Format Version 12.00
# Visual Studio Version 17
VisualStudioVersion = 17.4.33205.214
MinimumVisualStudioVersion = 10.0.40219.1
Project("{888888A0-9F3D-457C-B088-3A5042F75D52}") = "Facturacion_textil_2.0", "Facturacion_textil_2.0.pyproj", "{2CC557EE-AE48-4AB3-8791-E4CCA4A2BCAB}"
EndProject
Global
	GlobalSection(SolutionConfigurationPlatforms) = preSolution
		Debug|Any CPU = Debug|Any CPU
		Release|Any CPU = Release|Any CPU
	EndGlobalSection
	GlobalSection(ProjectConfigurationPlatforms) = postSolution
		{2CC557EE-AE48-4AB3-8791-E4CCA4A2BCAB}.Debug|Any CPU.ActiveCfg = Debug|Any CPU
		{2CC557EE-AE48-4AB3-8791-E4CCA4A2BCAB}.Release|Any CPU.ActiveCfg = Release|Any CPU
	EndGlobalSection
	GlobalSection(SolutionProperties) = preSolution
		HideSolutionNode = FALSE
	EndGlobalSection
	GlobalSection(ExtensibilityGlobals) = postSolution
		SolutionGuid = {7FEFCE18-AD60-4998-8B1E-373C43EB799E}
	EndGlobalSection
EndGlobal
